// !$*UTF8*$!
{
	archiveVersion = 1;
	classes = {
	};
	objectVersion = 55;
	objects = {

/* Begin PBXBuildFile section */
		71AEC33D271DDE3C001EC019 /* Configuration.yml in Resources */ = {isa = PBXBuildFile; fileRef = 71AEC33C271DDE3C001EC019 /* Configuration.yml */; };
		71AEC340271DDECE001EC019 /* Localizable.strings in Resources */ = {isa = PBXBuildFile; fileRef = 71AEC33F271DDECE001EC019 /* Localizable.strings */; };
		71F34233271DD2FB004100FC /* AppDelegate.swift in Sources */ = {isa = PBXBuildFile; fileRef = 71F34232271DD2FB004100FC /* AppDelegate.swift */; };
		71F34235271DD2FB004100FC /* SceneDelegate.swift in Sources */ = {isa = PBXBuildFile; fileRef = 71F34234271DD2FB004100FC /* SceneDelegate.swift */; };
		71F34237271DD2FB004100FC /* ViewController.swift in Sources */ = {isa = PBXBuildFile; fileRef = 71F34236271DD2FB004100FC /* ViewController.swift */; };
		71F3423A271DD2FB004100FC /* Main.storyboard in Resources */ = {isa = PBXBuildFile; fileRef = 71F34238271DD2FB004100FC /* Main.storyboard */; };
		71F3423C271DD2FC004100FC /* Assets.xcassets in Resources */ = {isa = PBXBuildFile; fileRef = 71F3423B271DD2FC004100FC /* Assets.xcassets */; };
		71F3423F271DD2FC004100FC /* LaunchScreen.storyboard in Resources */ = {isa = PBXBuildFile; fileRef = 71F3423D271DD2FC004100FC /* LaunchScreen.storyboard */; };
		B77856E114AC3BF6CC036097 /* Pods_Lesson_26.framework in Frameworks */ = {isa = PBXBuildFile; fileRef = A24707FE3127476AB5BA3A62 /* Pods_Lesson_26.framework */; };
/* End PBXBuildFile section */

/* Begin PBXFileReference section */
		55030079CBD05A760B726BFD /* Pods-Lesson_26.release.xcconfig */ = {isa = PBXFileReference; includeInIndex = 1; lastKnownFileType = text.xcconfig; name = "Pods-Lesson_26.release.xcconfig"; path = "Target Support Files/Pods-Lesson_26/Pods-Lesson_26.release.xcconfig"; sourceTree = "<group>"; };
		71AEC33C271DDE3C001EC019 /* Configuration.yml */ = {isa = PBXFileReference; fileEncoding = 4; lastKnownFileType = text.yaml; path = Configuration.yml; sourceTree = "<group>"; };
		71AEC33F271DDECE001EC019 /* Localizable.strings */ = {isa = PBXFileReference; lastKnownFileType = text.plist.strings; path = Localizable.strings; sourceTree = "<group>"; };
		71F3422F271DD2FB004100FC /* Lesson_26.app */ = {isa = PBXFileReference; explicitFileType = wrapper.application; includeInIndex = 0; path = Lesson_26.app; sourceTree = BUILT_PRODUCTS_DIR; };
		71F34232271DD2FB004100FC /* AppDelegate.swift */ = {isa = PBXFileReference; lastKnownFileType = sourcecode.swift; path = AppDelegate.swift; sourceTree = "<group>"; };
		71F34234271DD2FB004100FC /* SceneDelegate.swift */ = {isa = PBXFileReference; lastKnownFileType = sourcecode.swift; path = SceneDelegate.swift; sourceTree = "<group>"; };
		71F34236271DD2FB004100FC /* ViewController.swift */ = {isa = PBXFileReference; lastKnownFileType = sourcecode.swift; path = ViewController.swift; sourceTree = "<group>"; };
		71F34239271DD2FB004100FC /* Base */ = {isa = PBXFileReference; lastKnownFileType = file.storyboard; name = Base; path = Base.lproj/Main.storyboard; sourceTree = "<group>"; };
		71F3423B271DD2FC004100FC /* Assets.xcassets */ = {isa = PBXFileReference; lastKnownFileType = folder.assetcatalog; path = Assets.xcassets; sourceTree = "<group>"; };
		71F3423E271DD2FC004100FC /* Base */ = {isa = PBXFileReference; lastKnownFileType = file.storyboard; name = Base; path = Base.lproj/LaunchScreen.storyboard; sourceTree = "<group>"; };
		71F34240271DD2FC004100FC /* Info.plist */ = {isa = PBXFileReference; lastKnownFileType = text.plist.xml; path = Info.plist; sourceTree = "<group>"; };
		A24707FE3127476AB5BA3A62 /* Pods_Lesson_26.framework */ = {isa = PBXFileReference; explicitFileType = wrapper.framework; includeInIndex = 0; path = Pods_Lesson_26.framework; sourceTree = BUILT_PRODUCTS_DIR; };
		E74830E95519629FC54763BC /* Pods-Lesson_26.debug.xcconfig */ = {isa = PBXFileReference; includeInIndex = 1; lastKnownFileType = text.xcconfig; name = "Pods-Lesson_26.debug.xcconfig"; path = "Target Support Files/Pods-Lesson_26/Pods-Lesson_26.debug.xcconfig"; sourceTree = "<group>"; };
/* End PBXFileReference section */

/* Begin PBXFrameworksBuildPhase section */
		71F3422C271DD2FB004100FC /* Frameworks */ = {
			isa = PBXFrameworksBuildPhase;
			buildActionMask = 2147483647;
			files = (
				B77856E114AC3BF6CC036097 /* Pods_Lesson_26.framework in Frameworks */,
			);
			runOnlyForDeploymentPostprocessing = 0;
		};
/* End PBXFrameworksBuildPhase section */

/* Begin PBXGroup section */
		1BE2243963F18DE489D0C4D2 /* Frameworks */ = {
			isa = PBXGroup;
			children = (
				A24707FE3127476AB5BA3A62 /* Pods_Lesson_26.framework */,
			);
			name = Frameworks;
			sourceTree = "<group>";
		};
		6D1CF29F994FA2167705D346 /* Pods */ = {
			isa = PBXGroup;
			children = (
				E74830E95519629FC54763BC /* Pods-Lesson_26.debug.xcconfig */,
				55030079CBD05A760B726BFD /* Pods-Lesson_26.release.xcconfig */,
			);
			path = Pods;
			sourceTree = "<group>";
		};
		71AEC33B271DDDDE001EC019 /* SwiftGen */ = {
			isa = PBXGroup;
			children = (
				71AEC33C271DDE3C001EC019 /* Configuration.yml */,
			);
			path = SwiftGen;
			sourceTree = "<group>";
		};
		71AEC33E271DDE8C001EC019 /* Resources */ = {
			isa = PBXGroup;
			children = (
				71F3423B271DD2FC004100FC /* Assets.xcassets */,
				71AEC33F271DDECE001EC019 /* Localizable.strings */,
			);
			path = Resources;
			sourceTree = "<group>";
		};
		71F34226271DD2FB004100FC = {
			isa = PBXGroup;
			children = (
				71F34231271DD2FB004100FC /* Lesson_26 */,
				71F34230271DD2FB004100FC /* Products */,
				6D1CF29F994FA2167705D346 /* Pods */,
				1BE2243963F18DE489D0C4D2 /* Frameworks */,
			);
			sourceTree = "<group>";
		};
		71F34230271DD2FB004100FC /* Products */ = {
			isa = PBXGroup;
			children = (
				71F3422F271DD2FB004100FC /* Lesson_26.app */,
			);
			name = Products;
			sourceTree = "<group>";
		};
		71F34231271DD2FB004100FC /* Lesson_26 */ = {
			isa = PBXGroup;
			children = (
				71F34232271DD2FB004100FC /* AppDelegate.swift */,
				71F34234271DD2FB004100FC /* SceneDelegate.swift */,
				71F34236271DD2FB004100FC /* ViewController.swift */,
				71AEC33E271DDE8C001EC019 /* Resources */,
				71AEC33B271DDDDE001EC019 /* SwiftGen */,
				71F34238271DD2FB004100FC /* Main.storyboard */,
				71F3423D271DD2FC004100FC /* LaunchScreen.storyboard */,
				71F34240271DD2FC004100FC /* Info.plist */,
			);
			path = Lesson_26;
			sourceTree = "<group>";
		};
/* End PBXGroup section */

/* Begin PBXNativeTarget section */
		71F3422E271DD2FB004100FC /* Lesson_26 */ = {
			isa = PBXNativeTarget;
			buildConfigurationList = 71F34243271DD2FC004100FC /* Build configuration list for PBXNativeTarget "Lesson_26" */;
			buildPhases = (
				2832FB9024F823D8936AF70E /* [CP] Check Pods Manifest.lock */,
				71F3422B271DD2FB004100FC /* Sources */,
				71F3422C271DD2FB004100FC /* Frameworks */,
				71F3422D271DD2FB004100FC /* Resources */,
				E6A7DB73D3E8CBAF404A9D26 /* [CP] Embed Pods Frameworks */,
				71AEC33A271DDD0D001EC019 /* SwiftGen */,
			);
			buildRules = (
			);
			dependencies = (
			);
			name = Lesson_26;
			productName = Lesson_26;
			productReference = 71F3422F271DD2FB004100FC /* Lesson_26.app */;
			productType = "com.apple.product-type.application";
		};
/* End PBXNativeTarget section */

/* Begin PBXProject section */
		71F34227271DD2FB004100FC /* Project object */ = {
			isa = PBXProject;
			attributes = {
				BuildIndependentTargetsInParallel = 1;
				LastSwiftUpdateCheck = 1300;
				LastUpgradeCheck = 1300;
				TargetAttributes = {
					71F3422E271DD2FB004100FC = {
						CreatedOnToolsVersion = 13.0;
					};
				};
			};
			buildConfigurationList = 71F3422A271DD2FB004100FC /* Build configuration list for PBXProject "Lesson_26" */;
			compatibilityVersion = "Xcode 13.0";
			developmentRegion = en;
			hasScannedForEncodings = 0;
			knownRegions = (
				en,
				Base,
			);
			mainGroup = 71F34226271DD2FB004100FC;
			productRefGroup = 71F34230271DD2FB004100FC /* Products */;
			projectDirPath = "";
			projectRoot = "";
			targets = (
				71F3422E271DD2FB004100FC /* Lesson_26 */,
			);
		};
/* End PBXProject section */

/* Begin PBXResourcesBuildPhase section */
		71F3422D271DD2FB004100FC /* Resources */ = {
			isa = PBXResourcesBuildPhase;
			buildActionMask = 2147483647;
			files = (
				71AEC340271DDECE001EC019 /* Localizable.strings in Resources */,
				71F3423F271DD2FC004100FC /* LaunchScreen.storyboard in Resources */,
				71AEC33D271DDE3C001EC019 /* Configuration.yml in Resources */,
				71F3423C271DD2FC004100FC /* Assets.xcassets in Resources */,
				71F3423A271DD2FB004100FC /* Main.storyboard in Resources */,
			);
			runOnlyForDeploymentPostprocessing = 0;
		};
/* End PBXResourcesBuildPhase section */

/* Begin PBXShellScriptBuildPhase section */
		2832FB9024F823D8936AF70E /* [CP] Check Pods Manifest.lock */ = {
			isa = PBXShellScriptBuildPhase;
			buildActionMask = 2147483647;
			files = (
			);
			inputFileListPaths = (
			);
			inputPaths = (
				"${PODS_PODFILE_DIR_PATH}/Podfile.lock",
				"${PODS_ROOT}/Manifest.lock",
			);
			name = "[CP] Check Pods Manifest.lock";
			outputFileListPaths = (
			);
			outputPaths = (
				"$(DERIVED_FILE_DIR)/Pods-Lesson_26-checkManifestLockResult.txt",
			);
			runOnlyForDeploymentPostprocessing = 0;
			shellPath = /bin/sh;
			shellScript = "diff \"${PODS_PODFILE_DIR_PATH}/Podfile.lock\" \"${PODS_ROOT}/Manifest.lock\" > /dev/null\nif [ $? != 0 ] ; then\n    # print error to STDERR\n    echo \"error: The sandbox is not in sync with the Podfile.lock. Run 'pod install' or update your CocoaPods installation.\" >&2\n    exit 1\nfi\n# This output is used by Xcode 'outputs' to avoid re-running this script phase.\necho \"SUCCESS\" > \"${SCRIPT_OUTPUT_FILE_0}\"\n";
			showEnvVarsInLog = 0;
		};
		71AEC33A271DDD0D001EC019 /* SwiftGen */ = {
			isa = PBXShellScriptBuildPhase;
			buildActionMask = 2147483647;
			files = (
			);
			inputFileListPaths = (
			);
			inputPaths = (
			);
			name = SwiftGen;
			outputFileListPaths = (
			);
			outputPaths = (
			);
			runOnlyForDeploymentPostprocessing = 0;
			shellPath = /bin/sh;
			shellScript = "#if which $PODS_ROOT/SwiftGen/bin/swiftgen >/dev/null; then\n    $PODS_ROOT/SwiftGen/bin/swiftgen config run --config \"$PROJECT_DIR/Lesson_26/SwiftGen/Configuration.yml\"\n    touch \"$PROJECT_DIR/Lesson_26/SwiftGen/Configuration.yml\"\n#else\n    #echo \"SwiftGen not installed, download it from https://github.com/AliSoftware/SwiftGen\"\n#fi\n";
		};
		E6A7DB73D3E8CBAF404A9D26 /* [CP] Embed Pods Frameworks */ = {
			isa = PBXShellScriptBuildPhase;
			buildActionMask = 2147483647;
			files = (
			);
			inputFileListPaths = (
				"${PODS_ROOT}/Target Support Files/Pods-Lesson_26/Pods-Lesson_26-frameworks-${CONFIGURATION}-input-files.xcfilelist",
			);
			name = "[CP] Embed Pods Frameworks";
			outputFileListPaths = (
				"${PODS_ROOT}/Target Support Files/Pods-Lesson_26/Pods-Lesson_26-frameworks-${CONFIGURATION}-output-files.xcfilelist",
			);
			runOnlyForDeploymentPostprocessing = 0;
			shellPath = /bin/sh;
			shellScript = "\"${PODS_ROOT}/Target Support Files/Pods-Lesson_26/Pods-Lesson_26-frameworks.sh\"\n";
			showEnvVarsInLog = 0;
		};
/* End PBXShellScriptBuildPhase section */

/* Begin PBXSourcesBuildPhase section */
		71F3422B271DD2FB004100FC /* Sources */ = {
			isa = PBXSourcesBuildPhase;
			buildActionMask = 2147483647;
			files = (
				71F34237271DD2FB004100FC /* ViewController.swift in Sources */,
				71F34233271DD2FB004100FC /* AppDelegate.swift in Sources */,
				71F34235271DD2FB004100FC /* SceneDelegate.swift in Sources */,
			);
			runOnlyForDeploymentPostprocessing = 0;
		};
/* End PBXSourcesBuildPhase section */

/* Begin PBXVariantGroup section */
		71F34238271DD2FB004100FC /* Main.storyboard */ = {
			isa = PBXVariantGroup;
			children = (
				71F34239271DD2FB004100FC /* Base */,
			);
			name = Main.storyboard;
			sourceTree = "<group>";
		};
		71F3423D271DD2FC004100FC /* LaunchScreen.storyboard */ = {
			isa = PBXVariantGroup;
			children = (
				71F3423E271DD2FC004100FC /* Base */,
			);
			name = LaunchScreen.storyboard;
			sourceTree = "<group>";
		};
/* End PBXVariantGroup section */

/* Begin XCBuildConfiguration section */
		71F34241271DD2FC004100FC /* Debug */ = {
			isa = XCBuildConfiguration;
			buildSettings = {
				ALWAYS_SEARCH_USER_PATHS = NO;
				CLANG_ANALYZER_NONNULL = YES;
				CLANG_ANALYZER_NUMBER_OBJECT_CONVERSION = YES_AGGRESSIVE;
				CLANG_CXX_LANGUAGE_STANDARD = "gnu++17";
				CLANG_CXX_LIBRARY = "libc++";
				CLANG_ENABLE_MODULES = YES;
				CLANG_ENABLE_OBJC_ARC = YES;
				CLANG_ENABLE_OBJC_WEAK = YES;
				CLANG_WARN_BLOCK_CAPTURE_AUTORELEASING = YES;
				CLANG_WARN_BOOL_CONVERSION = YES;
				CLANG_WARN_COMMA = YES;
				CLANG_WARN_CONSTANT_CONVERSION = YES;
				CLANG_WARN_DEPRECATED_OBJC_IMPLEMENTATIONS = YES;
				CLANG_WARN_DIRECT_OBJC_ISA_USAGE = YES_ERROR;
				CLANG_WARN_DOCUMENTATION_COMMENTS = YES;
				CLANG_WARN_EMPTY_BODY = YES;
				CLANG_WARN_ENUM_CONVERSION = YES;
				CLANG_WARN_INFINITE_RECURSION = YES;
				CLANG_WARN_INT_CONVERSION = YES;
				CLANG_WARN_NON_LITERAL_NULL_CONVERSION = YES;
				CLANG_WARN_OBJC_IMPLICIT_RETAIN_SELF = YES;
				CLANG_WARN_OBJC_LITERAL_CONVERSION = YES;
				CLANG_WARN_OBJC_ROOT_CLASS = YES_ERROR;
				CLANG_WARN_QUOTED_INCLUDE_IN_FRAMEWORK_HEADER = YES;
				CLANG_WARN_RANGE_LOOP_ANALYSIS = YES;
				CLANG_WARN_STRICT_PROTOTYPES = YES;
				CLANG_WARN_SUSPICIOUS_MOVE = YES;
				CLANG_WARN_UNGUARDED_AVAILABILITY = YES_AGGRESSIVE;
				CLANG_WARN_UNREACHABLE_CODE = YES;
				CLANG_WARN__DUPLICATE_METHOD_MATCH = YES;
				COPY_PHASE_STRIP = NO;
				DEBUG_INFORMATION_FORMAT = dwarf;
				ENABLE_STRICT_OBJC_MSGSEND = YES;
				ENABLE_TESTABILITY = YES;
				GCC_C_LANGUAGE_STANDARD = gnu11;
				GCC_DYNAMIC_NO_PIC = NO;
				GCC_NO_COMMON_BLOCKS = YES;
				GCC_OPTIMIZATION_LEVEL = 0;
				GCC_PREPROCESSOR_DEFINITIONS = (
					"DEBUG=1",
					"$(inherited)",
				);
				GCC_WARN_64_TO_32_BIT_CONVERSION = YES;
				GCC_WARN_ABOUT_RETURN_TYPE = YES_ERROR;
				GCC_WARN_UNDECLARED_SELECTOR = YES;
				GCC_WARN_UNINITIALIZED_AUTOS = YES_AGGRESSIVE;
				GCC_WARN_UNUSED_FUNCTION = YES;
				GCC_WARN_UNUSED_VARIABLE = YES;
				IPHONEOS_DEPLOYMENT_TARGET = 15.0;
				MTL_ENABLE_DEBUG_INFO = INCLUDE_SOURCE;
				MTL_FAST_MATH = YES;
				ONLY_ACTIVE_ARCH = YES;
				SDKROOT = iphoneos;
				SWIFT_ACTIVE_COMPILATION_CONDITIONS = DEBUG;
				SWIFT_OPTIMIZATION_LEVEL = "-Onone";
			};
			name = Debug;
		};
		71F34242271DD2FC004100FC /* Release */ = {
			isa = XCBuildConfiguration;
			buildSettings = {
				ALWAYS_SEARCH_USER_PATHS = NO;
				CLANG_ANALYZER_NONNULL = YES;
				CLANG_ANALYZER_NUMBER_OBJECT_CONVERSION = YES_AGGRESSIVE;
				CLANG_CXX_LANGUAGE_STANDARD = "gnu++17";
				CLANG_CXX_LIBRARY = "libc++";
				CLANG_ENABLE_MODULES = YES;
				CLANG_ENABLE_OBJC_ARC = YES;
				CLANG_ENABLE_OBJC_WEAK = YES;
				CLANG_WARN_BLOCK_CAPTURE_AUTORELEASING = YES;
				CLANG_WARN_BOOL_CONVERSION = YES;
				CLANG_WARN_COMMA = YES;
				CLANG_WARN_CONSTANT_CONVERSION = YES;
				CLANG_WARN_DEPRECATED_OBJC_IMPLEMENTATIONS = YES;
				CLANG_WARN_DIRECT_OBJC_ISA_USAGE = YES_ERROR;
				CLANG_WARN_DOCUMENTATION_COMMENTS = YES;
				CLANG_WARN_EMPTY_BODY = YES;
				CLANG_WARN_ENUM_CONVERSION = YES;
				CLANG_WARN_INFINITE_RECURSION = YES;
				CLANG_WARN_INT_CONVERSION = YES;
				CLANG_WARN_NON_LITERAL_NULL_CONVERSION = YES;
				CLANG_WARN_OBJC_IMPLICIT_RETAIN_SELF = YES;
				CLANG_WARN_OBJC_LITERAL_CONVERSION = YES;
				CLANG_WARN_OBJC_ROOT_CLASS = YES_ERROR;
				CLANG_WARN_QUOTED_INCLUDE_IN_FRAMEWORK_HEADER = YES;
				CLANG_WARN_RANGE_LOOP_ANALYSIS = YES;
				CLANG_WARN_STRICT_PROTOTYPES = YES;
				CLANG_WARN_SUSPICIOUS_MOVE = YES;
				CLANG_WARN_UNGUARDED_AVAILABILITY = YES_AGGRESSIVE;
				CLANG_WARN_UNREACHABLE_CODE = YES;
				CLANG_WARN__DUPLICATE_METHOD_MATCH = YES;
				COPY_PHASE_STRIP = NO;
				DEBUG_INFORMATION_FORMAT = "dwarf-with-dsym";
				ENABLE_NS_ASSERTIONS = NO;
				ENABLE_STRICT_OBJC_MSGSEND = YES;
				GCC_C_LANGUAGE_STANDARD = gnu11;
				GCC_NO_COMMON_BLOCKS = YES;
				GCC_WARN_64_TO_32_BIT_CONVERSION = YES;
				GCC_WARN_ABOUT_RETURN_TYPE = YES_ERROR;
				GCC_WARN_UNDECLARED_SELECTOR = YES;
				GCC_WARN_UNINITIALIZED_AUTOS = YES_AGGRESSIVE;
				GCC_WARN_UNUSED_FUNCTION = YES;
				GCC_WARN_UNUSED_VARIABLE = YES;
				IPHONEOS_DEPLOYMENT_TARGET = 15.0;
				MTL_ENABLE_DEBUG_INFO = NO;
				MTL_FAST_MATH = YES;
				SDKROOT = iphoneos;
				SWIFT_COMPILATION_MODE = wholemodule;
				SWIFT_OPTIMIZATION_LEVEL = "-O";
				VALIDATE_PRODUCT = YES;
			};
			name = Release;
		};
		71F34244271DD2FC004100FC /* Debug */ = {
			isa = XCBuildConfiguration;
			baseConfigurationReference = E74830E95519629FC54763BC /* Pods-Lesson_26.debug.xcconfig */;
			buildSettings = {
				ASSETCATALOG_COMPILER_APPICON_NAME = AppIcon;
				ASSETCATALOG_COMPILER_GLOBAL_ACCENT_COLOR_NAME = AccentColor;
				CODE_SIGN_STYLE = Automatic;
				CURRENT_PROJECT_VERSION = 1;
				DEVELOPMENT_TEAM = BJ2Y72RG5B;
				GENERATE_INFOPLIST_FILE = YES;
				INFOPLIST_FILE = Lesson_26/Info.plist;
				INFOPLIST_KEY_UIApplicationSupportsIndirectInputEvents = YES;
				INFOPLIST_KEY_UILaunchStoryboardName = LaunchScreen;
				INFOPLIST_KEY_UIMainStoryboardFile = Main;
				INFOPLIST_KEY_UISupportedInterfaceOrientations_iPad = "UIInterfaceOrientationPortrait UIInterfaceOrientationPortraitUpsideDown UIInterfaceOrientationLandscapeLeft UIInterfaceOrientationLandscapeRight";
				INFOPLIST_KEY_UISupportedInterfaceOrientations_iPhone = "UIInterfaceOrientationPortrait UIInterfaceOrientationLandscapeLeft UIInterfaceOrientationLandscapeRight";
				LD_RUNPATH_SEARCH_PATHS = (
					"$(inherited)",
					"@executable_path/Frameworks",
				);
				MARKETING_VERSION = 1.0;
				PRODUCT_BUNDLE_IDENTIFIER = "com.evgeniyNosko.Lesson-26";
				PRODUCT_NAME = "$(TARGET_NAME)";
				SWIFT_EMIT_LOC_STRINGS = YES;
				SWIFT_VERSION = 5.0;
				TARGETED_DEVICE_FAMILY = "1,2";
			};
			name = Debug;
		};
		71F34245271DD2FC004100FC /* Release */ = {
			isa = XCBuildConfiguration;
			baseConfigurationReference = 55030079CBD05A760B726BFD /* Pods-Lesson_26.release.xcconfig */;
			buildSettings = {
				ASSETCATALOG_COMPILER_APPICON_NAME = AppIcon;
				ASSETCATALOG_COMPILER_GLOBAL_ACCENT_COLOR_NAME = AccentColor;
				CODE_SIGN_STYLE = Automatic;
				CURRENT_PROJECT_VERSION = 1;
				DEVELOPMENT_TEAM = BJ2Y72RG5B;
				GENERATE_INFOPLIST_FILE = YES;
				INFOPLIST_FILE = Lesson_26/Info.plist;
				INFOPLIST_KEY_UIApplicationSupportsIndirectInputEvents = YES;
				INFOPLIST_KEY_UILaunchStoryboardName = LaunchScreen;
				INFOPLIST_KEY_UIMainStoryboardFile = Main;
				INFOPLIST_KEY_UISupportedInterfaceOrientations_iPad = "UIInterfaceOrientationPortrait UIInterfaceOrientationPortraitUpsideDown UIInterfaceOrientationLandscapeLeft UIInterfaceOrientationLandscapeRight";
				INFOPLIST_KEY_UISupportedInterfaceOrientations_iPhone = "UIInterfaceOrientationPortrait UIInterfaceOrientationLandscapeLeft UIInterfaceOrientationLandscapeRight";
				LD_RUNPATH_SEARCH_PATHS = (
					"$(inherited)",
					"@executable_path/Frameworks",
				);
				MARKETING_VERSION = 1.0;
				PRODUCT_BUNDLE_IDENTIFIER = "com.evgeniyNosko.Lesson-26";
				PRODUCT_NAME = "$(TARGET_NAME)";
				SWIFT_EMIT_LOC_STRINGS = YES;
				SWIFT_VERSION = 5.0;
				TARGETED_DEVICE_FAMILY = "1,2";
			};
			name = Release;
		};
/* End XCBuildConfiguration section */

/* Begin XCConfigurationList section */
		71F3422A271DD2FB004100FC /* Build configuration list for PBXProject "Lesson_26" */ = {
			isa = XCConfigurationList;
			buildConfigurations = (
				71F34241271DD2FC004100FC /* Debug */,
				71F34242271DD2FC004100FC /* Release */,
			);
			defaultConfigurationIsVisible = 0;
			defaultConfigurationName = Release;
		};
		71F34243271DD2FC004100FC /* Build configuration list for PBXNativeTarget "Lesson_26" */ = {
			isa = XCConfigurationList;
			buildConfigurations = (
				71F34244271DD2FC004100FC /* Debug */,
				71F34245271DD2FC004100FC /* Release */,
			);
			defaultConfigurationIsVisible = 0;
			defaultConfigurationName = Release;
		};
/* End XCConfigurationList section */
	};
	rootObject = 71F34227271DD2FB004100FC /* Project object */;
}
